# Lockfile automatically generated by Reach. Don't edit!
# This file is meant to be included in source control.

lf_revs:
- - gr_user: temptemp3
    gr_host: github.com
    gr_repo: reach-rock-paper-scissors
    gr_rev: null
  - gr_user: temptemp3
    gr_host: github.com
    gr_repo: reach-rock-paper-scissors
    gr_rev: 1612722bf6d50d58d72053aa7871f06bd1f6b82a
lf_vers: 1
